{
  "nodes": {
    "nixpkgs": {
      "locked": {
        "lastModified": 0,
        "narHash": "sha256-OMDZjY2dZgvRv31YhgAbGIpDd9bjlyUCiMaGglCzLno=",
        "path": "/home/gordy/nixpkgs",
        "type": "path"
      },
      "original": {
        "path": "/home/gordy/nixpkgs",
        "type": "path"
      }
    },
    "root": {
      "inputs": {
        "nixpkgs": "nixpkgs"
      }
    }
  },
  "root": "root",
  "version": 7
}
